// !$*UTF8*$!
{
	archiveVersion = 1;
	classes = {
	};
	objectVersion = 46;
	objects = {

/* Begin PBXBuildFile section */
		75B4300F1F592949000476C2 /* main.m in Sources */ = {isa = PBXBuildFile; fileRef = 75B4300E1F592949000476C2 /* main.m */; };
		75B430121F592949000476C2 /* AppDelegate.m in Sources */ = {isa = PBXBuildFile; fileRef = 75B430111F592949000476C2 /* AppDelegate.m */; };
		75B430151F592949000476C2 /* ViewController.m in Sources */ = {isa = PBXBuildFile; fileRef = 75B430141F592949000476C2 /* ViewController.m */; };
		75B430181F592949000476C2 /* Main.storyboard in Resources */ = {isa = PBXBuildFile; fileRef = 75B430161F592949000476C2 /* Main.storyboard */; };
		75B4301A1F592949000476C2 /* Assets.xcassets in Resources */ = {isa = PBXBuildFile; fileRef = 75B430191F592949000476C2 /* Assets.xcassets */; };
		75B4301D1F592949000476C2 /* LaunchScreen.storyboard in Resources */ = {isa = PBXBuildFile; fileRef = 75B4301B1F592949000476C2 /* LaunchScreen.storyboard */; };
		75B430281F592949000476C2 /* MyIOSApp10Tests.m in Sources */ = {isa = PBXBuildFile; fileRef = 75B430271F592949000476C2 /* MyIOSApp10Tests.m */; };
		75B430331F592949000476C2 /* MyIOSApp10UITests.m in Sources */ = {isa = PBXBuildFile; fileRef = 75B430321F592949000476C2 /* MyIOSApp10UITests.m */; };
		75B430481F593A13000476C2 /* ViewController2.m in Sources */ = {isa = PBXBuildFile; fileRef = 75B430471F593A13000476C2 /* ViewController2.m */; };
/* End PBXBuildFile section */

/* Begin PBXContainerItemProxy section */
		75B430241F592949000476C2 /* PBXContainerItemProxy */ = {
			isa = PBXContainerItemProxy;
			containerPortal = 75B430021F592949000476C2 /* Project object */;
			proxyType = 1;
			remoteGlobalIDString = 75B430091F592949000476C2;
			remoteInfo = MyIOSApp10;
		};
		75B4302F1F592949000476C2 /* PBXContainerItemProxy */ = {
			isa = PBXContainerItemProxy;
			containerPortal = 75B430021F592949000476C2 /* Project object */;
			proxyType = 1;
			remoteGlobalIDString = 75B430091F592949000476C2;
			remoteInfo = MyIOSApp10;
		};
/* End PBXContainerItemProxy section */

/* Begin PBXFileReference section */
		75B4300A1F592949000476C2 /* MyIOSApp10.app */ = {isa = PBXFileReference; explicitFileType = wrapper.application; includeInIndex = 0; path = MyIOSApp10.app; sourceTree = BUILT_PRODUCTS_DIR; };
		75B4300E1F592949000476C2 /* main.m */ = {isa = PBXFileReference; lastKnownFileType = sourcecode.c.objc; path = main.m; sourceTree = "<group>"; };
		75B430101F592949000476C2 /* AppDelegate.h */ = {isa = PBXFileReference; lastKnownFileType = sourcecode.c.h; path = AppDelegate.h; sourceTree = "<group>"; };
		75B430111F592949000476C2 /* AppDelegate.m */ = {isa = PBXFileReference; lastKnownFileType = sourcecode.c.objc; path = AppDelegate.m; sourceTree = "<group>"; };
		75B430131F592949000476C2 /* ViewController.h */ = {isa = PBXFileReference; lastKnownFileType = sourcecode.c.h; path = ViewController.h; sourceTree = "<group>"; };
		75B430141F592949000476C2 /* ViewController.m */ = {isa = PBXFileReference; lastKnownFileType = sourcecode.c.objc; path = ViewController.m; sourceTree = "<group>"; };
		75B430171F592949000476C2 /* Base */ = {isa = PBXFileReference; lastKnownFileType = file.storyboard; name = Base; path = Base.lproj/Main.storyboard; sourceTree = "<group>"; };
		75B430191F592949000476C2 /* Assets.xcassets */ = {isa = PBXFileReference; lastKnownFileType = folder.assetcatalog; path = Assets.xcassets; sourceTree = "<group>"; };
		75B4301C1F592949000476C2 /* Base */ = {isa = PBXFileReference; lastKnownFileType = file.storyboard; name = Base; path = Base.lproj/LaunchScreen.storyboard; sourceTree = "<group>"; };
		75B4301E1F592949000476C2 /* Info.plist */ = {isa = PBXFileReference; lastKnownFileType = text.plist.xml; path = Info.plist; sourceTree = "<group>"; };
		75B430231F592949000476C2 /* MyIOSApp10Tests.xctest */ = {isa = PBXFileReference; explicitFileType = wrapper.cfbundle; includeInIndex = 0; path = MyIOSApp10Tests.xctest; sourceTree = BUILT_PRODUCTS_DIR; };
		75B430271F592949000476C2 /* MyIOSApp10Tests.m */ = {isa = PBXFileReference; lastKnownFileType = sourcecode.c.objc; path = MyIOSApp10Tests.m; sourceTree = "<group>"; };
		75B430291F592949000476C2 /* Info.plist */ = {isa = PBXFileReference; lastKnownFileType = text.plist.xml; path = Info.plist; sourceTree = "<group>"; };
		75B4302E1F592949000476C2 /* MyIOSApp10UITests.xctest */ = {isa = PBXFileReference; explicitFileType = wrapper.cfbundle; includeInIndex = 0; path = MyIOSApp10UITests.xctest; sourceTree = BUILT_PRODUCTS_DIR; };
		75B430321F592949000476C2 /* MyIOSApp10UITests.m */ = {isa = PBXFileReference; lastKnownFileType = sourcecode.c.objc; path = MyIOSApp10UITests.m; sourceTree = "<group>"; };
		75B430341F592949000476C2 /* Info.plist */ = {isa = PBXFileReference; lastKnownFileType = text.plist.xml; path = Info.plist; sourceTree = "<group>"; };
		75B430461F593A13000476C2 /* ViewController2.h */ = {isa = PBXFileReference; fileEncoding = 4; lastKnownFileType = sourcecode.c.h; path = ViewController2.h; sourceTree = "<group>"; };
		75B430471F593A13000476C2 /* ViewController2.m */ = {isa = PBXFileReference; fileEncoding = 4; lastKnownFileType = sourcecode.c.objc; path = ViewController2.m; sourceTree = "<group>"; };
/* End PBXFileReference section */

/* Begin PBXFrameworksBuildPhase section */
		75B430071F592949000476C2 /* Frameworks */ = {
			isa = PBXFrameworksBuildPhase;
			buildActionMask = 2147483647;
			files = (
			);
			runOnlyForDeploymentPostprocessing = 0;
		};
		75B430201F592949000476C2 /* Frameworks */ = {
			isa = PBXFrameworksBuildPhase;
			buildActionMask = 2147483647;
			files = (
			);
			runOnlyForDeploymentPostprocessing = 0;
		};
		75B4302B1F592949000476C2 /* Frameworks */ = {
			isa = PBXFrameworksBuildPhase;
			buildActionMask = 2147483647;
			files = (
			);
			runOnlyForDeploymentPostprocessing = 0;
		};
/* End PBXFrameworksBuildPhase section */

/* Begin PBXGroup section */
		75B430011F592949000476C2 = {
			isa = PBXGroup;
			children = (
				75B4300C1F592949000476C2 /* MyIOSApp10 */,
				75B430261F592949000476C2 /* MyIOSApp10Tests */,
				75B430311F592949000476C2 /* MyIOSApp10UITests */,
				75B4300B1F592949000476C2 /* Products */,
			);
			sourceTree = "<group>";
		};
		75B4300B1F592949000476C2 /* Products */ = {
			isa = PBXGroup;
			children = (
				75B4300A1F592949000476C2 /* MyIOSApp10.app */,
				75B430231F592949000476C2 /* MyIOSApp10Tests.xctest */,
				75B4302E1F592949000476C2 /* MyIOSApp10UITests.xctest */,
			);
			name = Products;
			sourceTree = "<group>";
		};
		75B4300C1F592949000476C2 /* MyIOSApp10 */ = {
			isa = PBXGroup;
			children = (
				75B430461F593A13000476C2 /* ViewController2.h */,
				75B430471F593A13000476C2 /* ViewController2.m */,
				75B430101F592949000476C2 /* AppDelegate.h */,
				75B430111F592949000476C2 /* AppDelegate.m */,
				75B430131F592949000476C2 /* ViewController.h */,
				75B430141F592949000476C2 /* ViewController.m */,
				75B430161F592949000476C2 /* Main.storyboard */,
				75B430191F592949000476C2 /* Assets.xcassets */,
				75B4301B1F592949000476C2 /* LaunchScreen.storyboard */,
				75B4301E1F592949000476C2 /* Info.plist */,
				75B4300D1F592949000476C2 /* Supporting Files */,
			);
			path = MyIOSApp10;
			sourceTree = "<group>";
		};
		75B4300D1F592949000476C2 /* Supporting Files */ = {
			isa = PBXGroup;
			children = (
				75B4300E1F592949000476C2 /* main.m */,
			);
			name = "Supporting Files";
			sourceTree = "<group>";
		};
		75B430261F592949000476C2 /* MyIOSApp10Tests */ = {
			isa = PBXGroup;
			children = (
				75B430271F592949000476C2 /* MyIOSApp10Tests.m */,
				75B430291F592949000476C2 /* Info.plist */,
			);
			path = MyIOSApp10Tests;
			sourceTree = "<group>";
		};
		75B430311F592949000476C2 /* MyIOSApp10UITests */ = {
			isa = PBXGroup;
			children = (
				75B430321F592949000476C2 /* MyIOSApp10UITests.m */,
				75B430341F592949000476C2 /* Info.plist */,
			);
			path = MyIOSApp10UITests;
			sourceTree = "<group>";
		};
/* End PBXGroup section */

/* Begin PBXNativeTarget section */
		75B430091F592949000476C2 /* MyIOSApp10 */ = {
			isa = PBXNativeTarget;
			buildConfigurationList = 75B430371F592949000476C2 /* Build configuration list for PBXNativeTarget "MyIOSApp10" */;
			buildPhases = (
				75B430061F592949000476C2 /* Sources */,
				75B430071F592949000476C2 /* Frameworks */,
				75B430081F592949000476C2 /* Resources */,
			);
			buildRules = (
			);
			dependencies = (
			);
			name = MyIOSApp10;
			productName = MyIOSApp10;
			productReference = 75B4300A1F592949000476C2 /* MyIOSApp10.app */;
			productType = "com.apple.product-type.application";
		};
		75B430221F592949000476C2 /* MyIOSApp10Tests */ = {
			isa = PBXNativeTarget;
			buildConfigurationList = 75B4303A1F592949000476C2 /* Build configuration list for PBXNativeTarget "MyIOSApp10Tests" */;
			buildPhases = (
				75B4301F1F592949000476C2 /* Sources */,
				75B430201F592949000476C2 /* Frameworks */,
				75B430211F592949000476C2 /* Resources */,
			);
			buildRules = (
			);
			dependencies = (
				75B430251F592949000476C2 /* PBXTargetDependency */,
			);
			name = MyIOSApp10Tests;
			productName = MyIOSApp10Tests;
			productReference = 75B430231F592949000476C2 /* MyIOSApp10Tests.xctest */;
			productType = "com.apple.product-type.bundle.unit-test";
		};
		75B4302D1F592949000476C2 /* MyIOSApp10UITests */ = {
			isa = PBXNativeTarget;
			buildConfigurationList = 75B4303D1F592949000476C2 /* Build configuration list for PBXNativeTarget "MyIOSApp10UITests" */;
			buildPhases = (
				75B4302A1F592949000476C2 /* Sources */,
				75B4302B1F592949000476C2 /* Frameworks */,
				75B4302C1F592949000476C2 /* Resources */,
			);
			buildRules = (
			);
			dependencies = (
				75B430301F592949000476C2 /* PBXTargetDependency */,
			);
			name = MyIOSApp10UITests;
			productName = MyIOSApp10UITests;
			productReference = 75B4302E1F592949000476C2 /* MyIOSApp10UITests.xctest */;
			productType = "com.apple.product-type.bundle.ui-testing";
		};
/* End PBXNativeTarget section */

/* Begin PBXProject section */
		75B430021F592949000476C2 /* Project object */ = {
			isa = PBXProject;
			attributes = {
				LastUpgradeCheck = 0730;
				ORGANIZATIONNAME = lingdian;
				TargetAttributes = {
					75B430091F592949000476C2 = {
						CreatedOnToolsVersion = 7.3.1;
					};
					75B430221F592949000476C2 = {
						CreatedOnToolsVersion = 7.3.1;
						TestTargetID = 75B430091F592949000476C2;
					};
					75B4302D1F592949000476C2 = {
						CreatedOnToolsVersion = 7.3.1;
						TestTargetID = 75B430091F592949000476C2;
					};
				};
			};
			buildConfigurationList = 75B430051F592949000476C2 /* Build configuration list for PBXProject "MyIOSApp10" */;
			compatibilityVersion = "Xcode 3.2";
			developmentRegion = English;
			hasScannedForEncodings = 0;
			knownRegions = (
				en,
				Base,
			);
			mainGroup = 75B430011F592949000476C2;
			productRefGroup = 75B4300B1F592949000476C2 /* Products */;
			projectDirPath = "";
			projectRoot = "";
			targets = (
				75B430091F592949000476C2 /* MyIOSApp10 */,
				75B430221F592949000476C2 /* MyIOSApp10Tests */,
				75B4302D1F592949000476C2 /* MyIOSApp10UITests */,
			);
		};
/* End PBXProject section */

/* Begin PBXResourcesBuildPhase section */
		75B430081F592949000476C2 /* Resources */ = {
			isa = PBXResourcesBuildPhase;
			buildActionMask = 2147483647;
			files = (
				75B4301D1F592949000476C2 /* LaunchScreen.storyboard in Resources */,
				75B4301A1F592949000476C2 /* Assets.xcassets in Resources */,
				75B430181F592949000476C2 /* Main.storyboard in Resources */,
			);
			runOnlyForDeploymentPostprocessing = 0;
		};
		75B430211F592949000476C2 /* Resources */ = {
			isa = PBXResourcesBuildPhase;
			buildActionMask = 2147483647;
			files = (
			);
			runOnlyForDeploymentPostprocessing = 0;
		};
		75B4302C1F592949000476C2 /* Resources */ = {
			isa = PBXResourcesBuildPhase;
			buildActionMask = 2147483647;
			files = (
			);
			runOnlyForDeploymentPostprocessing = 0;
		};
/* End PBXResourcesBuildPhase section */

/* Begin PBXSourcesBuildPhase section */
		75B430061F592949000476C2 /* Sources */ = {
			isa = PBXSourcesBuildPhase;
			buildActionMask = 2147483647;
			files = (
				75B430151F592949000476C2 /* ViewController.m in Sources */,
				75B430481F593A13000476C2 /* ViewController2.m in Sources */,
				75B430121F592949000476C2 /* AppDelegate.m in Sources */,
				75B4300F1F592949000476C2 /* main.m in Sources */,
			);
			runOnlyForDeploymentPostprocessing = 0;
		};
		75B4301F1F592949000476C2 /* Sources */ = {
			isa = PBXSourcesBuildPhase;
			buildActionMask = 2147483647;
			files = (
				75B430281F592949000476C2 /* MyIOSApp10Tests.m in Sources */,
			);
			runOnlyForDeploymentPostprocessing = 0;
		};
		75B4302A1F592949000476C2 /* Sources */ = {
			isa = PBXSourcesBuildPhase;
			buildActionMask = 2147483647;
			files = (
				75B430331F592949000476C2 /* MyIOSApp10UITests.m in Sources */,
			);
			runOnlyForDeploymentPostprocessing = 0;
		};
/* End PBXSourcesBuildPhase section */

/* Begin PBXTargetDependency section */
		75B430251F592949000476C2 /* PBXTargetDependency */ = {
			isa = PBXTargetDependency;
			target = 75B430091F592949000476C2 /* MyIOSApp10 */;
			targetProxy = 75B430241F592949000476C2 /* PBXContainerItemProxy */;
		};
		75B430301F592949000476C2 /* PBXTargetDependency */ = {
			isa = PBXTargetDependency;
			target = 75B430091F592949000476C2 /* MyIOSApp10 */;
			targetProxy = 75B4302F1F592949000476C2 /* PBXContainerItemProxy */;
		};
/* End PBXTargetDependency section */

/* Begin PBXVariantGroup section */
		75B430161F592949000476C2 /* Main.storyboard */ = {
			isa = PBXVariantGroup;
			children = (
				75B430171F592949000476C2 /* Base */,
			);
			name = Main.storyboard;
			sourceTree = "<group>";
		};
		75B4301B1F592949000476C2 /* LaunchScreen.storyboard */ = {
			isa = PBXVariantGroup;
			children = (
				75B4301C1F592949000476C2 /* Base */,
			);
			name = LaunchScreen.storyboard;
			sourceTree = "<group>";
		};
/* End PBXVariantGroup section */

/* Begin XCBuildConfiguration section */
		75B430351F592949000476C2 /* Debug */ = {
			isa = XCBuildConfiguration;
			buildSettings = {
				ALWAYS_SEARCH_USER_PATHS = NO;
				CLANG_ANALYZER_NONNULL = YES;
				CLANG_CXX_LANGUAGE_STANDARD = "gnu++0x";
				CLANG_CXX_LIBRARY = "libc++";
				CLANG_ENABLE_MODULES = YES;
				CLANG_ENABLE_OBJC_ARC = YES;
				CLANG_WARN_BOOL_CONVERSION = YES;
				CLANG_WARN_CONSTANT_CONVERSION = YES;
				CLANG_WARN_DIRECT_OBJC_ISA_USAGE = YES_ERROR;
				CLANG_WARN_EMPTY_BODY = YES;
				CLANG_WARN_ENUM_CONVERSION = YES;
				CLANG_WARN_INT_CONVERSION = YES;
				CLANG_WARN_OBJC_ROOT_CLASS = YES_ERROR;
				CLANG_WARN_UNREACHABLE_CODE = YES;
				CLANG_WARN__DUPLICATE_METHOD_MATCH = YES;
				"CODE_SIGN_IDENTITY[sdk=iphoneos*]" = "iPhone Developer";
				COPY_PHASE_STRIP = NO;
				DEBUG_INFORMATION_FORMAT = dwarf;
				ENABLE_STRICT_OBJC_MSGSEND = YES;
				ENABLE_TESTABILITY = YES;
				GCC_C_LANGUAGE_STANDARD = gnu99;
				GCC_DYNAMIC_NO_PIC = NO;
				GCC_NO_COMMON_BLOCKS = YES;
				GCC_OPTIMIZATION_LEVEL = 0;
				GCC_PREPROCESSOR_DEFINITIONS = (
					"DEBUG=1",
					"$(inherited)",
				);
				GCC_WARN_64_TO_32_BIT_CONVERSION = YES;
				GCC_WARN_ABOUT_RETURN_TYPE = YES_ERROR;
				GCC_WARN_UNDECLARED_SELECTOR = YES;
				GCC_WARN_UNINITIALIZED_AUTOS = YES_AGGRESSIVE;
				GCC_WARN_UNUSED_FUNCTION = YES;
				GCC_WARN_UNUSED_VARIABLE = YES;
				IPHONEOS_DEPLOYMENT_TARGET = 9.3;
				MTL_ENABLE_DEBUG_INFO = YES;
				ONLY_ACTIVE_ARCH = YES;
				SDKROOT = iphoneos;
				TARGETED_DEVICE_FAMILY = "1,2";
			};
			name = Debug;
		};
		75B430361F592949000476C2 /* Release */ = {
			isa = XCBuildConfiguration;
			buildSettings = {
				ALWAYS_SEARCH_USER_PATHS = NO;
				CLANG_ANALYZER_NONNULL = YES;
				CLANG_CXX_LANGUAGE_STANDARD = "gnu++0x";
				CLANG_CXX_LIBRARY = "libc++";
				CLANG_ENABLE_MODULES = YES;
				CLANG_ENABLE_OBJC_ARC = YES;
				CLANG_WARN_BOOL_CONVERSION = YES;
				CLANG_WARN_CONSTANT_CONVERSION = YES;
				CLANG_WARN_DIRECT_OBJC_ISA_USAGE = YES_ERROR;
				CLANG_WARN_EMPTY_BODY = YES;
				CLANG_WARN_ENUM_CONVERSION = YES;
				CLANG_WARN_INT_CONVERSION = YES;
				CLANG_WARN_OBJC_ROOT_CLASS = YES_ERROR;
				CLANG_WARN_UNREACHABLE_CODE = YES;
				CLANG_WARN__DUPLICATE_METHOD_MATCH = YES;
				"CODE_SIGN_IDENTITY[sdk=iphoneos*]" = "iPhone Developer";
				COPY_PHASE_STRIP = NO;
				DEBUG_INFORMATION_FORMAT = "dwarf-with-dsym";
				ENABLE_NS_ASSERTIONS = NO;
				ENABLE_STRICT_OBJC_MSGSEND = YES;
				GCC_C_LANGUAGE_STANDARD = gnu99;
				GCC_NO_COMMON_BLOCKS = YES;
				GCC_WARN_64_TO_32_BIT_CONVERSION = YES;
				GCC_WARN_ABOUT_RETURN_TYPE = YES_ERROR;
				GCC_WARN_UNDECLARED_SELECTOR = YES;
				GCC_WARN_UNINITIALIZED_AUTOS = YES_AGGRESSIVE;
				GCC_WARN_UNUSED_FUNCTION = YES;
				GCC_WARN_UNUSED_VARIABLE = YES;
				IPHONEOS_DEPLOYMENT_TARGET = 9.3;
				MTL_ENABLE_DEBUG_INFO = NO;
				SDKROOT = iphoneos;
				TARGETED_DEVICE_FAMILY = "1,2";
				VALIDATE_PRODUCT = YES;
			};
			name = Release;
		};
		75B430381F592949000476C2 /* Debug */ = {
			isa = XCBuildConfiguration;
			buildSettings = {
				ASSETCATALOG_COMPILER_APPICON_NAME = AppIcon;
				INFOPLIST_FILE = MyIOSApp10/Info.plist;
				LD_RUNPATH_SEARCH_PATHS = "$(inherited) @executable_path/Frameworks";
				PRODUCT_BUNDLE_IDENTIFIER = lingdian.MyIOSApp10;
				PRODUCT_NAME = "$(TARGET_NAME)";
			};
			name = Debug;
		};
		75B430391F592949000476C2 /* Release */ = {
			isa = XCBuildConfiguration;
			buildSettings = {
				ASSETCATALOG_COMPILER_APPICON_NAME = AppIcon;
				INFOPLIST_FILE = MyIOSApp10/Info.plist;
				LD_RUNPATH_SEARCH_PATHS = "$(inherited) @executable_path/Frameworks";
				PRODUCT_BUNDLE_IDENTIFIER = lingdian.MyIOSApp10;
				PRODUCT_NAME = "$(TARGET_NAME)";
			};
			name = Release;
		};
		75B4303B1F592949000476C2 /* Debug */ = {
			isa = XCBuildConfiguration;
			buildSettings = {
				BUNDLE_LOADER = "$(TEST_HOST)";
				INFOPLIST_FILE = MyIOSApp10Tests/Info.plist;
				LD_RUNPATH_SEARCH_PATHS = "$(inherited) @executable_path/Frameworks @loader_path/Frameworks";
				PRODUCT_BUNDLE_IDENTIFIER = lingdian.MyIOSApp10Tests;
				PRODUCT_NAME = "$(TARGET_NAME)";
				TEST_HOST = "$(BUILT_PRODUCTS_DIR)/MyIOSApp10.app/MyIOSApp10";
			};
			name = Debug;
		};
		75B4303C1F592949000476C2 /* Release */ = {
			isa = XCBuildConfiguration;
			buildSettings = {
				BUNDLE_LOADER = "$(TEST_HOST)";
				INFOPLIST_FILE = MyIOSApp10Tests/Info.plist;
				LD_RUNPATH_SEARCH_PATHS = "$(inherited) @executable_path/Frameworks @loader_path/Frameworks";
				PRODUCT_BUNDLE_IDENTIFIER = lingdian.MyIOSApp10Tests;
				PRODUCT_NAME = "$(TARGET_NAME)";
				TEST_HOST = "$(BUILT_PRODUCTS_DIR)/MyIOSApp10.app/MyIOSApp10";
			};
			name = Release;
		};
		75B4303E1F592949000476C2 /* Debug */ = {
			isa = XCBuildConfiguration;
			buildSettings = {
				INFOPLIST_FILE = MyIOSApp10UITests/Info.plist;
				LD_RUNPATH_SEARCH_PATHS = "$(inherited) @executable_path/Frameworks @loader_path/Frameworks";
				PRODUCT_BUNDLE_IDENTIFIER = lingdian.MyIOSApp10UITests;
				PRODUCT_NAME = "$(TARGET_NAME)";
				TEST_TARGET_NAME = MyIOSApp10;
			};
			name = Debug;
		};
		75B4303F1F592949000476C2 /* Release */ = {
			isa = XCBuildConfiguration;
			buildSettings = {
				INFOPLIST_FILE = MyIOSApp10UITests/Info.plist;
				LD_RUNPATH_SEARCH_PATHS = "$(inherited) @executable_path/Frameworks @loader_path/Frameworks";
				PRODUCT_BUNDLE_IDENTIFIER = lingdian.MyIOSApp10UITests;
				PRODUCT_NAME = "$(TARGET_NAME)";
				TEST_TARGET_NAME = MyIOSApp10;
			};
			name = Release;
		};
/* End XCBuildConfiguration section */

/* Begin XCConfigurationList section */
		75B430051F592949000476C2 /* Build configuration list for PBXProject "MyIOSApp10" */ = {
			isa = XCConfigurationList;
			buildConfigurations = (
				75B430351F592949000476C2 /* Debug */,
				75B430361F592949000476C2 /* Release */,
			);
			defaultConfigurationIsVisible = 0;
			defaultConfigurationName = Release;
		};
		75B430371F592949000476C2 /* Build configuration list for PBXNativeTarget "MyIOSApp10" */ = {
			isa = XCConfigurationList;
			buildConfigurations = (
				75B430381F592949000476C2 /* Debug */,
				75B430391F592949000476C2 /* Release */,
			);
			defaultConfigurationIsVisible = 0;
		};
		75B4303A1F592949000476C2 /* Build configuration list for PBXNativeTarget "MyIOSApp10Tests" */ = {
			isa = XCConfigurationList;
			buildConfigurations = (
				75B4303B1F592949000476C2 /* Debug */,
				75B4303C1F592949000476C2 /* Release */,
			);
			defaultConfigurationIsVisible = 0;
		};
		75B4303D1F592949000476C2 /* Build configuration list for PBXNativeTarget "MyIOSApp10UITests" */ = {
			isa = XCConfigurationList;
			buildConfigurations = (
				75B4303E1F592949000476C2 /* Debug */,
				75B4303F1F592949000476C2 /* Release */,
			);
			defaultConfigurationIsVisible = 0;
		};
/* End XCConfigurationList section */
	};
	rootObject = 75B430021F592949000476C2 /* Project object */;
}
